
Microsoft Visual Studio Solution File, Format Version 12.00
# Visual Studio Version 16
VisualStudioVersion = 16.0.31702.278
MinimumVisualStudioVersion = 10.0.40219.1
Project("{8BC9CEB8-8B4A-11D0-8D11-00A0C91BC942}") = "AnOrcAndAKnight", "AnOrcAndAKnight\AnOrcAndAKnight.vcxproj", "{18456CA3-8BCD-4231-8A60-EBA0615C794B}"
EndProject
Global
	GlobalSection(SolutionConfigurationPlatforms) = preSolution
		Debug|x64 = Debug|x64
		Debug|x86 = Debug|x86
		Release|x64 = Release|x64
		Release|x86 = Release|x86
	EndGlobalSection
	GlobalSection(ProjectConfigurationPlatforms) = postSolution
		{18456CA3-8BCD-4231-8A60-EBA0615C794B}.Debug|x64.ActiveCfg = Debug|x64
		{18456CA3-8BCD-4231-8A60-EBA0615C794B}.Debug|x64.Build.0 = Debug|x64
		{18456CA3-8BCD-4231-8A60-EBA0615C794B}.Debug|x86.ActiveCfg = Debug|Win32
		{18456CA3-8BCD-4231-8A60-EBA0615C794B}.Debug|x86.Build.0 = Debug|Win32
		{18456CA3-8BCD-4231-8A60-EBA0615C794B}.Release|x64.ActiveCfg = Release|x64
		{18456CA3-8BCD-4231-8A60-EBA0615C794B}.Release|x64.Build.0 = Release|x64
		{18456CA3-8BCD-4231-8A60-EBA0615C794B}.Release|x86.ActiveCfg = Release|Win32
		{18456CA3-8BCD-4231-8A60-EBA0615C794B}.Release|x86.Build.0 = Release|Win32
	EndGlobalSection
	GlobalSection(SolutionProperties) = preSolution
		HideSolutionNode = FALSE
	EndGlobalSection
	GlobalSection(ExtensibilityGlobals) = postSolution
		SolutionGuid = {F3E357A6-47DD-4A9C-9F5B-0F603B5A34AE}
	EndGlobalSection
EndGlobal
